{
  "version": 4,
  "terraform_version": "1.1.4",
  "serial": 10,
  "lineage": "920aebee-84c9-1c0f-ad03-cfbaa16d3491",
  "outputs": {},
  "resources": [
    {
      "module": "module.aws",
      "mode": "managed",
      "type": "aws_s3_bucket",
      "name": "bucket",
      "provider": "module.aws.provider[\"registry.terraform.io/hashicorp/aws\"]",
      "instances": [
        {
          "schema_version": 0,
          "attributes": {
            "acceleration_status": "",
            "acl": "private",
            "arn": "arn:aws:s3:::bucket-mytest",
            "bucket": "bucket-mytest",
            "bucket_domain_name": "bucket-mytest.s3.amazonaws.com",
            "bucket_prefix": null,
            "bucket_regional_domain_name": "bucket-mytest.s3.amazonaws.com",
            "cors_rule": [],
            "force_destroy": false,
            "grant": [],
            "hosted_zone_id": "Z3AQBSTGFYJSTF",
            "id": "bucket-mytest",
            "lifecycle_rule": [],
            "logging": [],
            "object_lock_configuration": [],
            "policy": null,
            "region": "us-east-1",
            "replication_configuration": [],
            "request_payer": "BucketOwner",
            "server_side_encryption_configuration": [],
            "tags": {
              "Environment": "Dev",
              "Name": "My bucket"
            },
            "tags_all": {
              "Environment": "Dev",
              "Name": "My bucket"
            },
            "versioning": [
              {
                "enabled": false,
                "mfa_delete": false
              }
            ],
            "website": [],
            "website_domain": null,
            "website_endpoint": null
          },
          "sensitive_attributes": [],
          "private": "bnVsbA=="
        }
      ]
    },
    {
      "module": "module.azure",
      "mode": "managed",
      "type": "azurerm_app_service",
      "name": "app",
      "provider": "module.azure.provider[\"registry.terraform.io/hashicorp/azurerm\"]",
      "instances": [
        {
          "schema_version": 0,
          "attributes": {
            "app_service_plan_id": "/subscriptions/cd35503e-9e28-4b2b-8445-45fc816ba088/resourceGroups/rg-terraform-test/providers/Microsoft.Web/serverfarms/plan-crossappjx01",
            "app_settings": {
              "StorageConnectionString": "some-connection"
            },
            "auth_settings": [
              {
                "active_directory": [],
                "additional_login_params": {},
                "allowed_external_redirect_urls": [],
                "default_provider": "",
                "enabled": false,
                "facebook": [],
                "google": [],
                "issuer": "",
                "microsoft": [],
                "runtime_version": "",
                "token_refresh_extension_hours": 0,
                "token_store_enabled": false,
                "twitter": [],
                "unauthenticated_client_action": ""
              }
            ],
            "backup": [],
            "client_affinity_enabled": false,
            "client_cert_enabled": false,
            "client_cert_mode": "Required",
            "connection_string": [],
            "custom_domain_verification_id": "ADDFA24D73313D05E24C49D924356246267AED2F98D8D7D911A6695A874E833D",
            "default_site_hostname": "app-crossappjx01.azurewebsites.net",
            "enabled": true,
            "https_only": false,
            "id": "/subscriptions/cd35503e-9e28-4b2b-8445-45fc816ba088/resourceGroups/rg-terraform-test/providers/Microsoft.Web/sites/app-crossappjx01",
            "identity": [],
            "key_vault_reference_identity_id": "SystemAssigned",
            "location": "eastus",
            "logs": [
              {
                "application_logs": [
                  {
                    "azure_blob_storage": [],
                    "file_system_level": "Off"
                  }
                ],
                "detailed_error_messages_enabled": false,
                "failed_request_tracing_enabled": false,
                "http_logs": [
                  {
                    "azure_blob_storage": [],
                    "file_system": []
                  }
                ]
              }
            ],
            "name": "app-crossappjx01",
            "outbound_ip_address_list": [
              "40.88.204.8",
              "40.88.204.22",
              "40.88.204.57",
              "40.88.204.68",
              "40.88.204.122",
              "40.88.204.124",
              "20.49.104.36"
            ],
            "outbound_ip_addresses": "40.88.204.8,40.88.204.22,40.88.204.57,40.88.204.68,40.88.204.122,40.88.204.124,20.49.104.36",
            "possible_outbound_ip_address_list": [
              "40.88.204.8",
              "40.88.204.22",
              "40.88.204.57",
              "40.88.204.68",
              "40.88.204.122",
              "40.88.204.124",
              "40.88.204.131",
              "20.62.146.36",
              "40.88.204.167",
              "40.88.204.169",
              "40.88.204.194",
              "40.88.204.247",
              "40.88.200.176",
              "40.88.205.9",
              "40.76.169.151",
              "40.88.205.30",
              "40.88.205.32",
              "40.88.205.63",
              "52.188.177.23",
              "52.188.180.161",
              "52.188.181.106",
              "52.188.183.98",
              "40.88.20.150",
              "52.146.52.232",
              "20.49.104.36"
            ],
            "possible_outbound_ip_addresses": "40.88.204.8,40.88.204.22,40.88.204.57,40.88.204.68,40.88.204.122,40.88.204.124,40.88.204.131,20.62.146.36,40.88.204.167,40.88.204.169,40.88.204.194,40.88.204.247,40.88.200.176,40.88.205.9,40.76.169.151,40.88.205.30,40.88.205.32,40.88.205.63,52.188.177.23,52.188.180.161,52.188.181.106,52.188.183.98,40.88.20.150,52.146.52.232,20.49.104.36",
            "resource_group_name": "rg-terraform-test",
            "site_config": [
              {
                "acr_use_managed_identity_credentials": false,
                "acr_user_managed_identity_client_id": "",
                "always_on": false,
                "app_command_line": "",
                "auto_swap_slot_name": "",
                "cors": [
                  {
                    "allowed_origins": [],
                    "support_credentials": false
                  }
                ],
                "default_documents": null,
                "dotnet_framework_version": "v4.0",
                "ftps_state": "AllAllowed",
                "health_check_path": "",
                "http2_enabled": false,
                "ip_restriction": [],
                "java_container": "",
                "java_container_version": "",
                "java_version": "",
                "linux_fx_version": "DONTNET|6.0",
                "local_mysql_enabled": false,
                "managed_pipeline_mode": "Integrated",
                "min_tls_version": "1.2",
                "number_of_workers": 1,
                "php_version": "",
                "python_version": "",
                "remote_debugging_enabled": false,
                "remote_debugging_version": "VS2019",
                "scm_ip_restriction": [],
                "scm_type": "None",
                "scm_use_main_ip_restriction": false,
                "use_32_bit_worker_process": false,
                "vnet_route_all_enabled": false,
                "websockets_enabled": false,
                "windows_fx_version": ""
              }
            ],
            "site_credential": [
              {
                "password": "GvPuuKeeTSM46zBFFmpNuPceajzJS8fxtsXNKu0E6z9ZB4kilJpcp7hRRopq",
                "username": "$app-crossappjx01"
              }
            ],
            "source_control": [
              {
                "branch": "master",
                "manual_integration": false,
                "repo_url": "",
                "rollback_enabled": false,
                "use_mercurial": false
              }
            ],
            "storage_account": [],
            "tags": null,
            "timeouts": null
          },
          "sensitive_attributes": [],
          "private": "eyJlMmJmYjczMC1lY2FhLTExZTYtOGY4OC0zNDM2M2JjN2M0YzAiOnsiY3JlYXRlIjoxODAwMDAwMDAwMDAwLCJkZWxldGUiOjE4MDAwMDAwMDAwMDAsInJlYWQiOjMwMDAwMDAwMDAwMCwidXBkYXRlIjoxODAwMDAwMDAwMDAwfX0=",
          "dependencies": [
            "module.azure.azurerm_app_service_plan.plan",
            "module.azure.azurerm_resource_group.rg"
          ]
        }
      ]
    },
    {
      "module": "module.azure",
      "mode": "managed",
      "type": "azurerm_app_service_plan",
      "name": "plan",
      "provider": "module.azure.provider[\"registry.terraform.io/hashicorp/azurerm\"]",
      "instances": [
        {
          "schema_version": 0,
          "attributes": {
            "app_service_environment_id": "",
            "id": "/subscriptions/cd35503e-9e28-4b2b-8445-45fc816ba088/resourceGroups/rg-terraform-test/providers/Microsoft.Web/serverfarms/plan-crossappjx01",
            "is_xenon": false,
            "kind": "linux",
            "location": "eastus",
            "maximum_elastic_worker_count": 1,
            "maximum_number_of_workers": 3,
            "name": "plan-crossappjx01",
            "per_site_scaling": false,
            "reserved": true,
            "resource_group_name": "rg-terraform-test",
            "sku": [
              {
                "capacity": 1,
                "size": "B1",
                "tier": "Basic"
              }
            ],
            "tags": null,
            "timeouts": null,
            "zone_redundant": false
          },
          "sensitive_attributes": [],
          "private": "eyJlMmJmYjczMC1lY2FhLTExZTYtOGY4OC0zNDM2M2JjN2M0YzAiOnsiY3JlYXRlIjozNjAwMDAwMDAwMDAwLCJkZWxldGUiOjM2MDAwMDAwMDAwMDAsInJlYWQiOjMwMDAwMDAwMDAwMCwidXBkYXRlIjozNjAwMDAwMDAwMDAwfX0=",
          "dependencies": [
            "module.azure.azurerm_resource_group.rg"
          ]
        }
      ]
    },
    {
      "module": "module.azure",
      "mode": "managed",
      "type": "azurerm_resource_group",
      "name": "rg",
      "provider": "module.azure.provider[\"registry.terraform.io/hashicorp/azurerm\"]",
      "instances": [
        {
          "schema_version": 0,
          "attributes": {
            "id": "/subscriptions/cd35503e-9e28-4b2b-8445-45fc816ba088/resourceGroups/rg-terraform-test",
            "location": "eastus",
            "name": "rg-terraform-test",
            "tags": {},
            "timeouts": null
          },
          "sensitive_attributes": [],
          "private": "eyJlMmJmYjczMC1lY2FhLTExZTYtOGY4OC0zNDM2M2JjN2M0YzAiOnsiY3JlYXRlIjo1NDAwMDAwMDAwMDAwLCJkZWxldGUiOjU0MDAwMDAwMDAwMDAsInJlYWQiOjMwMDAwMDAwMDAwMCwidXBkYXRlIjo1NDAwMDAwMDAwMDAwfX0="
        }
      ]
    }
  ]
}
